// !$*UTF8*$!
{
	archiveVersion = 1;
	classes = {
	};
	objectVersion = 55;
	objects = {

/* Begin PBXBuildFile section */
		12FAC0C7281ED3360009E957 /* AppDelegate.swift in Sources */ = {isa = PBXBuildFile; fileRef = 12FAC0C6281ED3360009E957 /* AppDelegate.swift */; };
		12FAC0C9281ED3360009E957 /* SceneDelegate.swift in Sources */ = {isa = PBXBuildFile; fileRef = 12FAC0C8281ED3360009E957 /* SceneDelegate.swift */; };
		12FAC0CB281ED3360009E957 /* ViewController.swift in Sources */ = {isa = PBXBuildFile; fileRef = 12FAC0CA281ED3360009E957 /* ViewController.swift */; };
		12FAC0CE281ED3360009E957 /* Main.storyboard in Resources */ = {isa = PBXBuildFile; fileRef = 12FAC0CC281ED3360009E957 /* Main.storyboard */; };
		12FAC0D1281ED3360009E957 /* HW_12_Abramov_Pavel_Pomodoro_Timer.xcdatamodeld in Sources */ = {isa = PBXBuildFile; fileRef = 12FAC0CF281ED3360009E957 /* HW_12_Abramov_Pavel_Pomodoro_Timer.xcdatamodeld */; };
		12FAC0D3281ED3470009E957 /* Assets.xcassets in Resources */ = {isa = PBXBuildFile; fileRef = 12FAC0D2281ED3470009E957 /* Assets.xcassets */; };
		12FAC0D6281ED3470009E957 /* LaunchScreen.storyboard in Resources */ = {isa = PBXBuildFile; fileRef = 12FAC0D4281ED3470009E957 /* LaunchScreen.storyboard */; };
/* End PBXBuildFile section */

/* Begin PBXFileReference section */
		12FAC0C3281ED3360009E957 /* HW-12-Abramov-Pavel-Pomodoro-Timer.app */ = {isa = PBXFileReference; explicitFileType = wrapper.application; includeInIndex = 0; path = "HW-12-Abramov-Pavel-Pomodoro-Timer.app"; sourceTree = BUILT_PRODUCTS_DIR; };
		12FAC0C6281ED3360009E957 /* AppDelegate.swift */ = {isa = PBXFileReference; lastKnownFileType = sourcecode.swift; path = AppDelegate.swift; sourceTree = "<group>"; };
		12FAC0C8281ED3360009E957 /* SceneDelegate.swift */ = {isa = PBXFileReference; lastKnownFileType = sourcecode.swift; path = SceneDelegate.swift; sourceTree = "<group>"; };
		12FAC0CA281ED3360009E957 /* ViewController.swift */ = {isa = PBXFileReference; lastKnownFileType = sourcecode.swift; path = ViewController.swift; sourceTree = "<group>"; };
		12FAC0CD281ED3360009E957 /* Base */ = {isa = PBXFileReference; lastKnownFileType = file.storyboard; name = Base; path = Base.lproj/Main.storyboard; sourceTree = "<group>"; };
		12FAC0D0281ED3360009E957 /* HW_12_Abramov_Pavel_Pomodoro_Timer.xcdatamodel */ = {isa = PBXFileReference; lastKnownFileType = wrapper.xcdatamodel; path = HW_12_Abramov_Pavel_Pomodoro_Timer.xcdatamodel; sourceTree = "<group>"; };
		12FAC0D2281ED3470009E957 /* Assets.xcassets */ = {isa = PBXFileReference; lastKnownFileType = folder.assetcatalog; path = Assets.xcassets; sourceTree = "<group>"; };
		12FAC0D5281ED3470009E957 /* Base */ = {isa = PBXFileReference; lastKnownFileType = file.storyboard; name = Base; path = Base.lproj/LaunchScreen.storyboard; sourceTree = "<group>"; };
		12FAC0D7281ED3470009E957 /* Info.plist */ = {isa = PBXFileReference; lastKnownFileType = text.plist.xml; path = Info.plist; sourceTree = "<group>"; };
/* End PBXFileReference section */

/* Begin PBXFrameworksBuildPhase section */
		12FAC0C0281ED3360009E957 /* Frameworks */ = {
			isa = PBXFrameworksBuildPhase;
			buildActionMask = 2147483647;
			files = (
			);
			runOnlyForDeploymentPostprocessing = 0;
		};
/* End PBXFrameworksBuildPhase section */

/* Begin PBXGroup section */
		12FAC0BA281ED3360009E957 = {
			isa = PBXGroup;
			children = (
				12FAC0C5281ED3360009E957 /* HW-12-Abramov-Pavel-Pomodoro-Timer */,
				12FAC0C4281ED3360009E957 /* Products */,
			);
			sourceTree = "<group>";
		};
		12FAC0C4281ED3360009E957 /* Products */ = {
			isa = PBXGroup;
			children = (
				12FAC0C3281ED3360009E957 /* HW-12-Abramov-Pavel-Pomodoro-Timer.app */,
			);
			name = Products;
			sourceTree = "<group>";
		};
		12FAC0C5281ED3360009E957 /* HW-12-Abramov-Pavel-Pomodoro-Timer */ = {
			isa = PBXGroup;
			children = (
				12FAC0C6281ED3360009E957 /* AppDelegate.swift */,
				12FAC0C8281ED3360009E957 /* SceneDelegate.swift */,
				12FAC0CA281ED3360009E957 /* ViewController.swift */,
				12FAC0CC281ED3360009E957 /* Main.storyboard */,
				12FAC0D2281ED3470009E957 /* Assets.xcassets */,
				12FAC0D4281ED3470009E957 /* LaunchScreen.storyboard */,
				12FAC0D7281ED3470009E957 /* Info.plist */,
				12FAC0CF281ED3360009E957 /* HW_12_Abramov_Pavel_Pomodoro_Timer.xcdatamodeld */,
			);
			path = "HW-12-Abramov-Pavel-Pomodoro-Timer";
			sourceTree = "<group>";
		};
/* End PBXGroup section */

/* Begin PBXNativeTarget section */
		12FAC0C2281ED3360009E957 /* HW-12-Abramov-Pavel-Pomodoro-Timer */ = {
			isa = PBXNativeTarget;
			buildConfigurationList = 12FAC0DA281ED3470009E957 /* Build configuration list for PBXNativeTarget "HW-12-Abramov-Pavel-Pomodoro-Timer" */;
			buildPhases = (
				12FAC0BF281ED3360009E957 /* Sources */,
				12FAC0C0281ED3360009E957 /* Frameworks */,
				12FAC0C1281ED3360009E957 /* Resources */,
			);
			buildRules = (
			);
			dependencies = (
			);
			name = "HW-12-Abramov-Pavel-Pomodoro-Timer";
			productName = "HW-12-Abramov-Pavel-Pomodoro-Timer";
			productReference = 12FAC0C3281ED3360009E957 /* HW-12-Abramov-Pavel-Pomodoro-Timer.app */;
			productType = "com.apple.product-type.application";
		};
/* End PBXNativeTarget section */

/* Begin PBXProject section */
		12FAC0BB281ED3360009E957 /* Project object */ = {
			isa = PBXProject;
			attributes = {
				BuildIndependentTargetsInParallel = 1;
				LastSwiftUpdateCheck = 1330;
				LastUpgradeCheck = 1330;
				TargetAttributes = {
					12FAC0C2281ED3360009E957 = {
						CreatedOnToolsVersion = 13.3;
					};
				};
			};
			buildConfigurationList = 12FAC0BE281ED3360009E957 /* Build configuration list for PBXProject "HW-12-Abramov-Pavel-Pomodoro-Timer" */;
			compatibilityVersion = "Xcode 13.0";
			developmentRegion = en;
			hasScannedForEncodings = 0;
			knownRegions = (
				en,
				Base,
			);
			mainGroup = 12FAC0BA281ED3360009E957;
			productRefGroup = 12FAC0C4281ED3360009E957 /* Products */;
			projectDirPath = "";
			projectRoot = "";
			targets = (
				12FAC0C2281ED3360009E957 /* HW-12-Abramov-Pavel-Pomodoro-Timer */,
			);
		};
/* End PBXProject section */

/* Begin PBXResourcesBuildPhase section */
		12FAC0C1281ED3360009E957 /* Resources */ = {
			isa = PBXResourcesBuildPhase;
			buildActionMask = 2147483647;
			files = (
				12FAC0D6281ED3470009E957 /* LaunchScreen.storyboard in Resources */,
				12FAC0D3281ED3470009E957 /* Assets.xcassets in Resources */,
				12FAC0CE281ED3360009E957 /* Main.storyboard in Resources */,
			);
			runOnlyForDeploymentPostprocessing = 0;
		};
/* End PBXResourcesBuildPhase section */

/* Begin PBXSourcesBuildPhase section */
		12FAC0BF281ED3360009E957 /* Sources */ = {
			isa = PBXSourcesBuildPhase;
			buildActionMask = 2147483647;
			files = (
				12FAC0D1281ED3360009E957 /* HW_12_Abramov_Pavel_Pomodoro_Timer.xcdatamodeld in Sources */,
				12FAC0CB281ED3360009E957 /* ViewController.swift in Sources */,
				12FAC0C7281ED3360009E957 /* AppDelegate.swift in Sources */,
				12FAC0C9281ED3360009E957 /* SceneDelegate.swift in Sources */,
			);
			runOnlyForDeploymentPostprocessing = 0;
		};
/* End PBXSourcesBuildPhase section */

/* Begin PBXVariantGroup section */
		12FAC0CC281ED3360009E957 /* Main.storyboard */ = {
			isa = PBXVariantGroup;
			children = (
				12FAC0CD281ED3360009E957 /* Base */,
			);
			name = Main.storyboard;
			sourceTree = "<group>";
		};
		12FAC0D4281ED3470009E957 /* LaunchScreen.storyboard */ = {
			isa = PBXVariantGroup;
			children = (
				12FAC0D5281ED3470009E957 /* Base */,
			);
			name = LaunchScreen.storyboard;
			sourceTree = "<group>";
		};
/* End PBXVariantGroup section */

/* Begin XCBuildConfiguration section */
		12FAC0D8281ED3470009E957 /* Debug */ = {
			isa = XCBuildConfiguration;
			buildSettings = {
				ALWAYS_SEARCH_USER_PATHS = NO;
				CLANG_ANALYZER_NONNULL = YES;
				CLANG_ANALYZER_NUMBER_OBJECT_CONVERSION = YES_AGGRESSIVE;
				CLANG_CXX_LANGUAGE_STANDARD = "gnu++17";
				CLANG_ENABLE_MODULES = YES;
				CLANG_ENABLE_OBJC_ARC = YES;
				CLANG_ENABLE_OBJC_WEAK = YES;
				CLANG_WARN_BLOCK_CAPTURE_AUTORELEASING = YES;
				CLANG_WARN_BOOL_CONVERSION = YES;
				CLANG_WARN_COMMA = YES;
				CLANG_WARN_CONSTANT_CONVERSION = YES;
				CLANG_WARN_DEPRECATED_OBJC_IMPLEMENTATIONS = YES;
				CLANG_WARN_DIRECT_OBJC_ISA_USAGE = YES_ERROR;
				CLANG_WARN_DOCUMENTATION_COMMENTS = YES;
				CLANG_WARN_EMPTY_BODY = YES;
				CLANG_WARN_ENUM_CONVERSION = YES;
				CLANG_WARN_INFINITE_RECURSION = YES;
				CLANG_WARN_INT_CONVERSION = YES;
				CLANG_WARN_NON_LITERAL_NULL_CONVERSION = YES;
				CLANG_WARN_OBJC_IMPLICIT_RETAIN_SELF = YES;
				CLANG_WARN_OBJC_LITERAL_CONVERSION = YES;
				CLANG_WARN_OBJC_ROOT_CLASS = YES_ERROR;
				CLANG_WARN_QUOTED_INCLUDE_IN_FRAMEWORK_HEADER = YES;
				CLANG_WARN_RANGE_LOOP_ANALYSIS = YES;
				CLANG_WARN_STRICT_PROTOTYPES = YES;
				CLANG_WARN_SUSPICIOUS_MOVE = YES;
				CLANG_WARN_UNGUARDED_AVAILABILITY = YES_AGGRESSIVE;
				CLANG_WARN_UNREACHABLE_CODE = YES;
				CLANG_WARN__DUPLICATE_METHOD_MATCH = YES;
				COPY_PHASE_STRIP = NO;
				DEBUG_INFORMATION_FORMAT = dwarf;
				ENABLE_STRICT_OBJC_MSGSEND = YES;
				ENABLE_TESTABILITY = YES;
				GCC_C_LANGUAGE_STANDARD = gnu11;
				GCC_DYNAMIC_NO_PIC = NO;
				GCC_NO_COMMON_BLOCKS = YES;
				GCC_OPTIMIZATION_LEVEL = 0;
				GCC_PREPROCESSOR_DEFINITIONS = (
					"DEBUG=1",
					"$(inherited)",
				);
				GCC_WARN_64_TO_32_BIT_CONVERSION = YES;
				GCC_WARN_ABOUT_RETURN_TYPE = YES_ERROR;
				GCC_WARN_UNDECLARED_SELECTOR = YES;
				GCC_WARN_UNINITIALIZED_AUTOS = YES_AGGRESSIVE;
				GCC_WARN_UNUSED_FUNCTION = YES;
				GCC_WARN_UNUSED_VARIABLE = YES;
				IPHONEOS_DEPLOYMENT_TARGET = 15.4;
				MTL_ENABLE_DEBUG_INFO = INCLUDE_SOURCE;
				MTL_FAST_MATH = YES;
				ONLY_ACTIVE_ARCH = YES;
				SDKROOT = iphoneos;
				SWIFT_ACTIVE_COMPILATION_CONDITIONS = DEBUG;
				SWIFT_OPTIMIZATION_LEVEL = "-Onone";
			};
			name = Debug;
		};
		12FAC0D9281ED3470009E957 /* Release */ = {
			isa = XCBuildConfiguration;
			buildSettings = {
				ALWAYS_SEARCH_USER_PATHS = NO;
				CLANG_ANALYZER_NONNULL = YES;
				CLANG_ANALYZER_NUMBER_OBJECT_CONVERSION = YES_AGGRESSIVE;
				CLANG_CXX_LANGUAGE_STANDARD = "gnu++17";
				CLANG_ENABLE_MODULES = YES;
				CLANG_ENABLE_OBJC_ARC = YES;
				CLANG_ENABLE_OBJC_WEAK = YES;
				CLANG_WARN_BLOCK_CAPTURE_AUTORELEASING = YES;
				CLANG_WARN_BOOL_CONVERSION = YES;
				CLANG_WARN_COMMA = YES;
				CLANG_WARN_CONSTANT_CONVERSION = YES;
				CLANG_WARN_DEPRECATED_OBJC_IMPLEMENTATIONS = YES;
				CLANG_WARN_DIRECT_OBJC_ISA_USAGE = YES_ERROR;
				CLANG_WARN_DOCUMENTATION_COMMENTS = YES;
				CLANG_WARN_EMPTY_BODY = YES;
				CLANG_WARN_ENUM_CONVERSION = YES;
				CLANG_WARN_INFINITE_RECURSION = YES;
				CLANG_WARN_INT_CONVERSION = YES;
				CLANG_WARN_NON_LITERAL_NULL_CONVERSION = YES;
				CLANG_WARN_OBJC_IMPLICIT_RETAIN_SELF = YES;
				CLANG_WARN_OBJC_LITERAL_CONVERSION = YES;
				CLANG_WARN_OBJC_ROOT_CLASS = YES_ERROR;
				CLANG_WARN_QUOTED_INCLUDE_IN_FRAMEWORK_HEADER = YES;
				CLANG_WARN_RANGE_LOOP_ANALYSIS = YES;
				CLANG_WARN_STRICT_PROTOTYPES = YES;
				CLANG_WARN_SUSPICIOUS_MOVE = YES;
				CLANG_WARN_UNGUARDED_AVAILABILITY = YES_AGGRESSIVE;
				CLANG_WARN_UNREACHABLE_CODE = YES;
				CLANG_WARN__DUPLICATE_METHOD_MATCH = YES;
				COPY_PHASE_STRIP = NO;
				DEBUG_INFORMATION_FORMAT = "dwarf-with-dsym";
				ENABLE_NS_ASSERTIONS = NO;
				ENABLE_STRICT_OBJC_MSGSEND = YES;
				GCC_C_LANGUAGE_STANDARD = gnu11;
				GCC_NO_COMMON_BLOCKS = YES;
				GCC_WARN_64_TO_32_BIT_CONVERSION = YES;
				GCC_WARN_ABOUT_RETURN_TYPE = YES_ERROR;
				GCC_WARN_UNDECLARED_SELECTOR = YES;
				GCC_WARN_UNINITIALIZED_AUTOS = YES_AGGRESSIVE;
				GCC_WARN_UNUSED_FUNCTION = YES;
				GCC_WARN_UNUSED_VARIABLE = YES;
				IPHONEOS_DEPLOYMENT_TARGET = 15.4;
				MTL_ENABLE_DEBUG_INFO = NO;
				MTL_FAST_MATH = YES;
				SDKROOT = iphoneos;
				SWIFT_COMPILATION_MODE = wholemodule;
				SWIFT_OPTIMIZATION_LEVEL = "-O";
				VALIDATE_PRODUCT = YES;
			};
			name = Release;
		};
		12FAC0DB281ED3470009E957 /* Debug */ = {
			isa = XCBuildConfiguration;
			buildSettings = {
				ASSETCATALOG_COMPILER_APPICON_NAME = AppIcon;
				ASSETCATALOG_COMPILER_GLOBAL_ACCENT_COLOR_NAME = AccentColor;
				CODE_SIGN_STYLE = Automatic;
				CURRENT_PROJECT_VERSION = 1;
				DEVELOPMENT_TEAM = 7J6C95TMNY;
				GENERATE_INFOPLIST_FILE = YES;
				INFOPLIST_FILE = "HW-12-Abramov-Pavel-Pomodoro-Timer/Info.plist";
				INFOPLIST_KEY_UIApplicationSupportsIndirectInputEvents = YES;
				INFOPLIST_KEY_UILaunchStoryboardName = LaunchScreen;
				INFOPLIST_KEY_UIMainStoryboardFile = Main;
				INFOPLIST_KEY_UISupportedInterfaceOrientations_iPad = "UIInterfaceOrientationPortrait UIInterfaceOrientationPortraitUpsideDown UIInterfaceOrientationLandscapeLeft UIInterfaceOrientationLandscapeRight";
				INFOPLIST_KEY_UISupportedInterfaceOrientations_iPhone = "UIInterfaceOrientationPortrait UIInterfaceOrientationLandscapeLeft UIInterfaceOrientationLandscapeRight";
				LD_RUNPATH_SEARCH_PATHS = (
					"$(inherited)",
					"@executable_path/Frameworks",
				);
				MARKETING_VERSION = 1.0;
				PRODUCT_BUNDLE_IDENTIFIER = "com.my.HW-12-Abramov-Pavel-Pomodoro-Timer";
				PRODUCT_NAME = "$(TARGET_NAME)";
				SWIFT_EMIT_LOC_STRINGS = YES;
				SWIFT_VERSION = 5.0;
				TARGETED_DEVICE_FAMILY = "1,2";
			};
			name = Debug;
		};
		12FAC0DC281ED3470009E957 /* Release */ = {
			isa = XCBuildConfiguration;
			buildSettings = {
				ASSETCATALOG_COMPILER_APPICON_NAME = AppIcon;
				ASSETCATALOG_COMPILER_GLOBAL_ACCENT_COLOR_NAME = AccentColor;
				CODE_SIGN_STYLE = Automatic;
				CURRENT_PROJECT_VERSION = 1;
				DEVELOPMENT_TEAM = 7J6C95TMNY;
				GENERATE_INFOPLIST_FILE = YES;
				INFOPLIST_FILE = "HW-12-Abramov-Pavel-Pomodoro-Timer/Info.plist";
				INFOPLIST_KEY_UIApplicationSupportsIndirectInputEvents = YES;
				INFOPLIST_KEY_UILaunchStoryboardName = LaunchScreen;
				INFOPLIST_KEY_UIMainStoryboardFile = Main;
				INFOPLIST_KEY_UISupportedInterfaceOrientations_iPad = "UIInterfaceOrientationPortrait UIInterfaceOrientationPortraitUpsideDown UIInterfaceOrientationLandscapeLeft UIInterfaceOrientationLandscapeRight";
				INFOPLIST_KEY_UISupportedInterfaceOrientations_iPhone = "UIInterfaceOrientationPortrait UIInterfaceOrientationLandscapeLeft UIInterfaceOrientationLandscapeRight";
				LD_RUNPATH_SEARCH_PATHS = (
					"$(inherited)",
					"@executable_path/Frameworks",
				);
				MARKETING_VERSION = 1.0;
				PRODUCT_BUNDLE_IDENTIFIER = "com.my.HW-12-Abramov-Pavel-Pomodoro-Timer";
				PRODUCT_NAME = "$(TARGET_NAME)";
				SWIFT_EMIT_LOC_STRINGS = YES;
				SWIFT_VERSION = 5.0;
				TARGETED_DEVICE_FAMILY = "1,2";
			};
			name = Release;
		};
/* End XCBuildConfiguration section */

/* Begin XCConfigurationList section */
		12FAC0BE281ED3360009E957 /* Build configuration list for PBXProject "HW-12-Abramov-Pavel-Pomodoro-Timer" */ = {
			isa = XCConfigurationList;
			buildConfigurations = (
				12FAC0D8281ED3470009E957 /* Debug */,
				12FAC0D9281ED3470009E957 /* Release */,
			);
			defaultConfigurationIsVisible = 0;
			defaultConfigurationName = Release;
		};
		12FAC0DA281ED3470009E957 /* Build configuration list for PBXNativeTarget "HW-12-Abramov-Pavel-Pomodoro-Timer" */ = {
			isa = XCConfigurationList;
			buildConfigurations = (
				12FAC0DB281ED3470009E957 /* Debug */,
				12FAC0DC281ED3470009E957 /* Release */,
			);
			defaultConfigurationIsVisible = 0;
			defaultConfigurationName = Release;
		};
/* End XCConfigurationList section */

/* Begin XCVersionGroup section */
		12FAC0CF281ED3360009E957 /* HW_12_Abramov_Pavel_Pomodoro_Timer.xcdatamodeld */ = {
			isa = XCVersionGroup;
			children = (
				12FAC0D0281ED3360009E957 /* HW_12_Abramov_Pavel_Pomodoro_Timer.xcdatamodel */,
			);
			currentVersion = 12FAC0D0281ED3360009E957 /* HW_12_Abramov_Pavel_Pomodoro_Timer.xcdatamodel */;
			path = HW_12_Abramov_Pavel_Pomodoro_Timer.xcdatamodeld;
			sourceTree = "<group>";
			versionGroupType = wrapper.xcdatamodel;
		};
/* End XCVersionGroup section */
	};
	rootObject = 12FAC0BB281ED3360009E957 /* Project object */;
}
